// !$*UTF8*$!
{
	archiveVersion = 1;
	classes = {
	};
	objectVersion = 48;
	objects = {

/* Begin PBXBuildFile section */
		2C34A80D1FC563E700AC6B50 /* AppDelegate.m in Sources */ = {isa = PBXBuildFile; fileRef = 2C34A80C1FC563E700AC6B50 /* AppDelegate.m */; };
		2C34A8101FC563E700AC6B50 /* ViewController.m in Sources */ = {isa = PBXBuildFile; fileRef = 2C34A80F1FC563E700AC6B50 /* ViewController.m */; };
		2C34A8131FC563E700AC6B50 /* Main.storyboard in Resources */ = {isa = PBXBuildFile; fileRef = 2C34A8111FC563E700AC6B50 /* Main.storyboard */; };
		2C34A8151FC563E700AC6B50 /* Assets.xcassets in Resources */ = {isa = PBXBuildFile; fileRef = 2C34A8141FC563E700AC6B50 /* Assets.xcassets */; };
		2C34A8181FC563E700AC6B50 /* LaunchScreen.storyboard in Resources */ = {isa = PBXBuildFile; fileRef = 2C34A8161FC563E700AC6B50 /* LaunchScreen.storyboard */; };
		2C34A81B1FC563E700AC6B50 /* main.m in Sources */ = {isa = PBXBuildFile; fileRef = 2C34A81A1FC563E700AC6B50 /* main.m */; };
		2C34A8251FC563E800AC6B50 /* ELAutoSelectorHelperTests.m in Sources */ = {isa = PBXBuildFile; fileRef = 2C34A8241FC563E800AC6B50 /* ELAutoSelectorHelperTests.m */; };
		2C34A8301FC563E800AC6B50 /* ELAutoSelectorHelperUITests.m in Sources */ = {isa = PBXBuildFile; fileRef = 2C34A82F1FC563E800AC6B50 /* ELAutoSelectorHelperUITests.m */; };
		2C34A83F1FC5640200AC6B50 /* ELAutoSelectorHelper.m in Sources */ = {isa = PBXBuildFile; fileRef = 2C34A83E1FC5640200AC6B50 /* ELAutoSelectorHelper.m */; };
/* End PBXBuildFile section */

/* Begin PBXContainerItemProxy section */
		2C34A8211FC563E800AC6B50 /* PBXContainerItemProxy */ = {
			isa = PBXContainerItemProxy;
			containerPortal = 2C34A8001FC563E700AC6B50 /* Project object */;
			proxyType = 1;
			remoteGlobalIDString = 2C34A8071FC563E700AC6B50;
			remoteInfo = ELAutoSelectorHelper;
		};
		2C34A82C1FC563E800AC6B50 /* PBXContainerItemProxy */ = {
			isa = PBXContainerItemProxy;
			containerPortal = 2C34A8001FC563E700AC6B50 /* Project object */;
			proxyType = 1;
			remoteGlobalIDString = 2C34A8071FC563E700AC6B50;
			remoteInfo = ELAutoSelectorHelper;
		};
/* End PBXContainerItemProxy section */

/* Begin PBXFileReference section */
		2C34A8081FC563E700AC6B50 /* ELAutoSelectorHelper.app */ = {isa = PBXFileReference; explicitFileType = wrapper.application; includeInIndex = 0; path = ELAutoSelectorHelper.app; sourceTree = BUILT_PRODUCTS_DIR; };
		2C34A80B1FC563E700AC6B50 /* AppDelegate.h */ = {isa = PBXFileReference; lastKnownFileType = sourcecode.c.h; path = AppDelegate.h; sourceTree = "<group>"; };
		2C34A80C1FC563E700AC6B50 /* AppDelegate.m */ = {isa = PBXFileReference; lastKnownFileType = sourcecode.c.objc; path = AppDelegate.m; sourceTree = "<group>"; };
		2C34A80E1FC563E700AC6B50 /* ViewController.h */ = {isa = PBXFileReference; lastKnownFileType = sourcecode.c.h; path = ViewController.h; sourceTree = "<group>"; };
		2C34A80F1FC563E700AC6B50 /* ViewController.m */ = {isa = PBXFileReference; lastKnownFileType = sourcecode.c.objc; path = ViewController.m; sourceTree = "<group>"; };
		2C34A8121FC563E700AC6B50 /* Base */ = {isa = PBXFileReference; lastKnownFileType = file.storyboard; name = Base; path = Base.lproj/Main.storyboard; sourceTree = "<group>"; };
		2C34A8141FC563E700AC6B50 /* Assets.xcassets */ = {isa = PBXFileReference; lastKnownFileType = folder.assetcatalog; path = Assets.xcassets; sourceTree = "<group>"; };
		2C34A8171FC563E700AC6B50 /* Base */ = {isa = PBXFileReference; lastKnownFileType = file.storyboard; name = Base; path = Base.lproj/LaunchScreen.storyboard; sourceTree = "<group>"; };
		2C34A8191FC563E700AC6B50 /* Info.plist */ = {isa = PBXFileReference; lastKnownFileType = text.plist.xml; path = Info.plist; sourceTree = "<group>"; };
		2C34A81A1FC563E700AC6B50 /* main.m */ = {isa = PBXFileReference; lastKnownFileType = sourcecode.c.objc; path = main.m; sourceTree = "<group>"; };
		2C34A8201FC563E800AC6B50 /* ELAutoSelectorHelperTests.xctest */ = {isa = PBXFileReference; explicitFileType = wrapper.cfbundle; includeInIndex = 0; path = ELAutoSelectorHelperTests.xctest; sourceTree = BUILT_PRODUCTS_DIR; };
		2C34A8241FC563E800AC6B50 /* ELAutoSelectorHelperTests.m */ = {isa = PBXFileReference; lastKnownFileType = sourcecode.c.objc; path = ELAutoSelectorHelperTests.m; sourceTree = "<group>"; };
		2C34A8261FC563E800AC6B50 /* Info.plist */ = {isa = PBXFileReference; lastKnownFileType = text.plist.xml; path = Info.plist; sourceTree = "<group>"; };
		2C34A82B1FC563E800AC6B50 /* ELAutoSelectorHelperUITests.xctest */ = {isa = PBXFileReference; explicitFileType = wrapper.cfbundle; includeInIndex = 0; path = ELAutoSelectorHelperUITests.xctest; sourceTree = BUILT_PRODUCTS_DIR; };
		2C34A82F1FC563E800AC6B50 /* ELAutoSelectorHelperUITests.m */ = {isa = PBXFileReference; lastKnownFileType = sourcecode.c.objc; path = ELAutoSelectorHelperUITests.m; sourceTree = "<group>"; };
		2C34A8311FC563E800AC6B50 /* Info.plist */ = {isa = PBXFileReference; lastKnownFileType = text.plist.xml; path = Info.plist; sourceTree = "<group>"; };
		2C34A83D1FC5640200AC6B50 /* ELAutoSelectorHelper.h */ = {isa = PBXFileReference; lastKnownFileType = sourcecode.c.h; path = ELAutoSelectorHelper.h; sourceTree = "<group>"; };
		2C34A83E1FC5640200AC6B50 /* ELAutoSelectorHelper.m */ = {isa = PBXFileReference; lastKnownFileType = sourcecode.c.objc; path = ELAutoSelectorHelper.m; sourceTree = "<group>"; };
/* End PBXFileReference section */

/* Begin PBXFrameworksBuildPhase section */
		2C34A8051FC563E700AC6B50 /* Frameworks */ = {
			isa = PBXFrameworksBuildPhase;
			buildActionMask = 2147483647;
			files = (
			);
			runOnlyForDeploymentPostprocessing = 0;
		};
		2C34A81D1FC563E800AC6B50 /* Frameworks */ = {
			isa = PBXFrameworksBuildPhase;
			buildActionMask = 2147483647;
			files = (
			);
			runOnlyForDeploymentPostprocessing = 0;
		};
		2C34A8281FC563E800AC6B50 /* Frameworks */ = {
			isa = PBXFrameworksBuildPhase;
			buildActionMask = 2147483647;
			files = (
			);
			runOnlyForDeploymentPostprocessing = 0;
		};
/* End PBXFrameworksBuildPhase section */

/* Begin PBXGroup section */
		2C34A7FF1FC563E700AC6B50 = {
			isa = PBXGroup;
			children = (
				2C77EF0B1FC6B69F00B86C33 /* Demo */,
				2C34A80A1FC563E700AC6B50 /* ELAutoSelectorHelper */,
				2C34A8231FC563E800AC6B50 /* ELAutoSelectorHelperTests */,
				2C34A82E1FC563E800AC6B50 /* ELAutoSelectorHelperUITests */,
				2C34A8091FC563E700AC6B50 /* Products */,
			);
			sourceTree = "<group>";
		};
		2C34A8091FC563E700AC6B50 /* Products */ = {
			isa = PBXGroup;
			children = (
				2C34A8081FC563E700AC6B50 /* ELAutoSelectorHelper.app */,
				2C34A8201FC563E800AC6B50 /* ELAutoSelectorHelperTests.xctest */,
				2C34A82B1FC563E800AC6B50 /* ELAutoSelectorHelperUITests.xctest */,
			);
			name = Products;
			sourceTree = "<group>";
		};
		2C34A80A1FC563E700AC6B50 /* ELAutoSelectorHelper */ = {
			isa = PBXGroup;
			children = (
				2C34A83D1FC5640200AC6B50 /* ELAutoSelectorHelper.h */,
				2C34A83E1FC5640200AC6B50 /* ELAutoSelectorHelper.m */,
			);
			path = ELAutoSelectorHelper;
			sourceTree = "<group>";
		};
		2C34A8231FC563E800AC6B50 /* ELAutoSelectorHelperTests */ = {
			isa = PBXGroup;
			children = (
				2C34A8241FC563E800AC6B50 /* ELAutoSelectorHelperTests.m */,
				2C34A8261FC563E800AC6B50 /* Info.plist */,
			);
			path = ELAutoSelectorHelperTests;
			sourceTree = "<group>";
		};
		2C34A82E1FC563E800AC6B50 /* ELAutoSelectorHelperUITests */ = {
			isa = PBXGroup;
			children = (
				2C34A82F1FC563E800AC6B50 /* ELAutoSelectorHelperUITests.m */,
				2C34A8311FC563E800AC6B50 /* Info.plist */,
			);
			path = ELAutoSelectorHelperUITests;
			sourceTree = "<group>";
		};
		2C77EF0B1FC6B69F00B86C33 /* Demo */ = {
			isa = PBXGroup;
			children = (
				2C77EF0C1FC6B6B000B86C33 /* SupportingFiles */,
				2C34A80B1FC563E700AC6B50 /* AppDelegate.h */,
				2C34A80C1FC563E700AC6B50 /* AppDelegate.m */,
				2C34A80E1FC563E700AC6B50 /* ViewController.h */,
				2C34A80F1FC563E700AC6B50 /* ViewController.m */,
			);
			path = Demo;
			sourceTree = "<group>";
		};
		2C77EF0C1FC6B6B000B86C33 /* SupportingFiles */ = {
			isa = PBXGroup;
			children = (
				2C34A8111FC563E700AC6B50 /* Main.storyboard */,
				2C34A8141FC563E700AC6B50 /* Assets.xcassets */,
				2C34A8161FC563E700AC6B50 /* LaunchScreen.storyboard */,
				2C34A8191FC563E700AC6B50 /* Info.plist */,
				2C34A81A1FC563E700AC6B50 /* main.m */,
			);
			path = SupportingFiles;
			sourceTree = "<group>";
		};
/* End PBXGroup section */

/* Begin PBXNativeTarget section */
		2C34A8071FC563E700AC6B50 /* ELAutoSelectorHelper */ = {
			isa = PBXNativeTarget;
			buildConfigurationList = 2C34A8341FC563E800AC6B50 /* Build configuration list for PBXNativeTarget "ELAutoSelectorHelper" */;
			buildPhases = (
				2C34A8041FC563E700AC6B50 /* Sources */,
				2C34A8051FC563E700AC6B50 /* Frameworks */,
				2C34A8061FC563E700AC6B50 /* Resources */,
			);
			buildRules = (
			);
			dependencies = (
			);
			name = ELAutoSelectorHelper;
			productName = ELAutoSelectorHelper;
			productReference = 2C34A8081FC563E700AC6B50 /* ELAutoSelectorHelper.app */;
			productType = "com.apple.product-type.application";
		};
		2C34A81F1FC563E800AC6B50 /* ELAutoSelectorHelperTests */ = {
			isa = PBXNativeTarget;
			buildConfigurationList = 2C34A8371FC563E800AC6B50 /* Build configuration list for PBXNativeTarget "ELAutoSelectorHelperTests" */;
			buildPhases = (
				2C34A81C1FC563E800AC6B50 /* Sources */,
				2C34A81D1FC563E800AC6B50 /* Frameworks */,
				2C34A81E1FC563E800AC6B50 /* Resources */,
			);
			buildRules = (
			);
			dependencies = (
				2C34A8221FC563E800AC6B50 /* PBXTargetDependency */,
			);
			name = ELAutoSelectorHelperTests;
			productName = ELAutoSelectorHelperTests;
			productReference = 2C34A8201FC563E800AC6B50 /* ELAutoSelectorHelperTests.xctest */;
			productType = "com.apple.product-type.bundle.unit-test";
		};
		2C34A82A1FC563E800AC6B50 /* ELAutoSelectorHelperUITests */ = {
			isa = PBXNativeTarget;
			buildConfigurationList = 2C34A83A1FC563E800AC6B50 /* Build configuration list for PBXNativeTarget "ELAutoSelectorHelperUITests" */;
			buildPhases = (
				2C34A8271FC563E800AC6B50 /* Sources */,
				2C34A8281FC563E800AC6B50 /* Frameworks */,
				2C34A8291FC563E800AC6B50 /* Resources */,
			);
			buildRules = (
			);
			dependencies = (
				2C34A82D1FC563E800AC6B50 /* PBXTargetDependency */,
			);
			name = ELAutoSelectorHelperUITests;
			productName = ELAutoSelectorHelperUITests;
			productReference = 2C34A82B1FC563E800AC6B50 /* ELAutoSelectorHelperUITests.xctest */;
			productType = "com.apple.product-type.bundle.ui-testing";
		};
/* End PBXNativeTarget section */

/* Begin PBXProject section */
		2C34A8001FC563E700AC6B50 /* Project object */ = {
			isa = PBXProject;
			attributes = {
				LastUpgradeCheck = 0910;
				ORGANIZATIONNAME = elenion;
				TargetAttributes = {
					2C34A8071FC563E700AC6B50 = {
						CreatedOnToolsVersion = 9.1;
						ProvisioningStyle = Automatic;
					};
					2C34A81F1FC563E800AC6B50 = {
						CreatedOnToolsVersion = 9.1;
						ProvisioningStyle = Automatic;
						TestTargetID = 2C34A8071FC563E700AC6B50;
					};
					2C34A82A1FC563E800AC6B50 = {
						CreatedOnToolsVersion = 9.1;
						ProvisioningStyle = Automatic;
						TestTargetID = 2C34A8071FC563E700AC6B50;
					};
				};
			};
			buildConfigurationList = 2C34A8031FC563E700AC6B50 /* Build configuration list for PBXProject "ELAutoSelectorHelper" */;
			compatibilityVersion = "Xcode 8.0";
			developmentRegion = en;
			hasScannedForEncodings = 0;
			knownRegions = (
				en,
				Base,
			);
			mainGroup = 2C34A7FF1FC563E700AC6B50;
			productRefGroup = 2C34A8091FC563E700AC6B50 /* Products */;
			projectDirPath = "";
			projectRoot = "";
			targets = (
				2C34A8071FC563E700AC6B50 /* ELAutoSelectorHelper */,
				2C34A81F1FC563E800AC6B50 /* ELAutoSelectorHelperTests */,
				2C34A82A1FC563E800AC6B50 /* ELAutoSelectorHelperUITests */,
			);
		};
/* End PBXProject section */

/* Begin PBXResourcesBuildPhase section */
		2C34A8061FC563E700AC6B50 /* Resources */ = {
			isa = PBXResourcesBuildPhase;
			buildActionMask = 2147483647;
			files = (
				2C34A8181FC563E700AC6B50 /* LaunchScreen.storyboard in Resources */,
				2C34A8151FC563E700AC6B50 /* Assets.xcassets in Resources */,
				2C34A8131FC563E700AC6B50 /* Main.storyboard in Resources */,
			);
			runOnlyForDeploymentPostprocessing = 0;
		};
		2C34A81E1FC563E800AC6B50 /* Resources */ = {
			isa = PBXResourcesBuildPhase;
			buildActionMask = 2147483647;
			files = (
			);
			runOnlyForDeploymentPostprocessing = 0;
		};
		2C34A8291FC563E800AC6B50 /* Resources */ = {
			isa = PBXResourcesBuildPhase;
			buildActionMask = 2147483647;
			files = (
			);
			runOnlyForDeploymentPostprocessing = 0;
		};
/* End PBXResourcesBuildPhase section */

/* Begin PBXSourcesBuildPhase section */
		2C34A8041FC563E700AC6B50 /* Sources */ = {
			isa = PBXSourcesBuildPhase;
			buildActionMask = 2147483647;
			files = (
				2C34A83F1FC5640200AC6B50 /* ELAutoSelectorHelper.m in Sources */,
				2C34A8101FC563E700AC6B50 /* ViewController.m in Sources */,
				2C34A81B1FC563E700AC6B50 /* main.m in Sources */,
				2C34A80D1FC563E700AC6B50 /* AppDelegate.m in Sources */,
			);
			runOnlyForDeploymentPostprocessing = 0;
		};
		2C34A81C1FC563E800AC6B50 /* Sources */ = {
			isa = PBXSourcesBuildPhase;
			buildActionMask = 2147483647;
			files = (
				2C34A8251FC563E800AC6B50 /* ELAutoSelectorHelperTests.m in Sources */,
			);
			runOnlyForDeploymentPostprocessing = 0;
		};
		2C34A8271FC563E800AC6B50 /* Sources */ = {
			isa = PBXSourcesBuildPhase;
			buildActionMask = 2147483647;
			files = (
				2C34A8301FC563E800AC6B50 /* ELAutoSelectorHelperUITests.m in Sources */,
			);
			runOnlyForDeploymentPostprocessing = 0;
		};
/* End PBXSourcesBuildPhase section */

/* Begin PBXTargetDependency section */
		2C34A8221FC563E800AC6B50 /* PBXTargetDependency */ = {
			isa = PBXTargetDependency;
			target = 2C34A8071FC563E700AC6B50 /* ELAutoSelectorHelper */;
			targetProxy = 2C34A8211FC563E800AC6B50 /* PBXContainerItemProxy */;
		};
		2C34A82D1FC563E800AC6B50 /* PBXTargetDependency */ = {
			isa = PBXTargetDependency;
			target = 2C34A8071FC563E700AC6B50 /* ELAutoSelectorHelper */;
			targetProxy = 2C34A82C1FC563E800AC6B50 /* PBXContainerItemProxy */;
		};
/* End PBXTargetDependency section */

/* Begin PBXVariantGroup section */
		2C34A8111FC563E700AC6B50 /* Main.storyboard */ = {
			isa = PBXVariantGroup;
			children = (
				2C34A8121FC563E700AC6B50 /* Base */,
			);
			name = Main.storyboard;
			sourceTree = "<group>";
		};
		2C34A8161FC563E700AC6B50 /* LaunchScreen.storyboard */ = {
			isa = PBXVariantGroup;
			children = (
				2C34A8171FC563E700AC6B50 /* Base */,
			);
			name = LaunchScreen.storyboard;
			sourceTree = "<group>";
		};
/* End PBXVariantGroup section */

/* Begin XCBuildConfiguration section */
		2C34A8321FC563E800AC6B50 /* Debug */ = {
			isa = XCBuildConfiguration;
			buildSettings = {
				ALWAYS_SEARCH_USER_PATHS = NO;
				CLANG_ANALYZER_NONNULL = YES;
				CLANG_ANALYZER_NUMBER_OBJECT_CONVERSION = YES_AGGRESSIVE;
				CLANG_CXX_LANGUAGE_STANDARD = "gnu++14";
				CLANG_CXX_LIBRARY = "libc++";
				CLANG_ENABLE_MODULES = YES;
				CLANG_ENABLE_OBJC_ARC = YES;
				CLANG_WARN_BLOCK_CAPTURE_AUTORELEASING = YES;
				CLANG_WARN_BOOL_CONVERSION = YES;
				CLANG_WARN_COMMA = YES;
				CLANG_WARN_CONSTANT_CONVERSION = YES;
				CLANG_WARN_DIRECT_OBJC_ISA_USAGE = YES_ERROR;
				CLANG_WARN_DOCUMENTATION_COMMENTS = YES;
				CLANG_WARN_EMPTY_BODY = YES;
				CLANG_WARN_ENUM_CONVERSION = YES;
				CLANG_WARN_INFINITE_RECURSION = YES;
				CLANG_WARN_INT_CONVERSION = YES;
				CLANG_WARN_NON_LITERAL_NULL_CONVERSION = YES;
				CLANG_WARN_OBJC_LITERAL_CONVERSION = YES;
				CLANG_WARN_OBJC_ROOT_CLASS = YES_ERROR;
				CLANG_WARN_RANGE_LOOP_ANALYSIS = YES;
				CLANG_WARN_STRICT_PROTOTYPES = YES;
				CLANG_WARN_SUSPICIOUS_MOVE = YES;
				CLANG_WARN_UNGUARDED_AVAILABILITY = YES_AGGRESSIVE;
				CLANG_WARN_UNREACHABLE_CODE = YES;
				CLANG_WARN__DUPLICATE_METHOD_MATCH = YES;
				CODE_SIGN_IDENTITY = "iPhone Developer";
				COPY_PHASE_STRIP = NO;
				DEBUG_INFORMATION_FORMAT = dwarf;
				ENABLE_STRICT_OBJC_MSGSEND = YES;
				ENABLE_TESTABILITY = YES;
				GCC_C_LANGUAGE_STANDARD = gnu11;
				GCC_DYNAMIC_NO_PIC = NO;
				GCC_NO_COMMON_BLOCKS = YES;
				GCC_OPTIMIZATION_LEVEL = 0;
				GCC_PREPROCESSOR_DEFINITIONS = (
					"DEBUG=1",
					"$(inherited)",
				);
				GCC_WARN_64_TO_32_BIT_CONVERSION = YES;
				GCC_WARN_ABOUT_RETURN_TYPE = YES_ERROR;
				GCC_WARN_UNDECLARED_SELECTOR = YES;
				GCC_WARN_UNINITIALIZED_AUTOS = YES_AGGRESSIVE;
				GCC_WARN_UNUSED_FUNCTION = YES;
				GCC_WARN_UNUSED_VARIABLE = YES;
				IPHONEOS_DEPLOYMENT_TARGET = 11.1;
				MTL_ENABLE_DEBUG_INFO = YES;
				ONLY_ACTIVE_ARCH = YES;
				SDKROOT = iphoneos;
			};
			name = Debug;
		};
		2C34A8331FC563E800AC6B50 /* Release */ = {
			isa = XCBuildConfiguration;
			buildSettings = {
				ALWAYS_SEARCH_USER_PATHS = NO;
				CLANG_ANALYZER_NONNULL = YES;
				CLANG_ANALYZER_NUMBER_OBJECT_CONVERSION = YES_AGGRESSIVE;
				CLANG_CXX_LANGUAGE_STANDARD = "gnu++14";
				CLANG_CXX_LIBRARY = "libc++";
				CLANG_ENABLE_MODULES = YES;
				CLANG_ENABLE_OBJC_ARC = YES;
				CLANG_WARN_BLOCK_CAPTURE_AUTORELEASING = YES;
				CLANG_WARN_BOOL_CONVERSION = YES;
				CLANG_WARN_COMMA = YES;
				CLANG_WARN_CONSTANT_CONVERSION = YES;
				CLANG_WARN_DIRECT_OBJC_ISA_USAGE = YES_ERROR;
				CLANG_WARN_DOCUMENTATION_COMMENTS = YES;
				CLANG_WARN_EMPTY_BODY = YES;
				CLANG_WARN_ENUM_CONVERSION = YES;
				CLANG_WARN_INFINITE_RECURSION = YES;
				CLANG_WARN_INT_CONVERSION = YES;
				CLANG_WARN_NON_LITERAL_NULL_CONVERSION = YES;
				CLANG_WARN_OBJC_LITERAL_CONVERSION = YES;
				CLANG_WARN_OBJC_ROOT_CLASS = YES_ERROR;
				CLANG_WARN_RANGE_LOOP_ANALYSIS = YES;
				CLANG_WARN_STRICT_PROTOTYPES = YES;
				CLANG_WARN_SUSPICIOUS_MOVE = YES;
				CLANG_WARN_UNGUARDED_AVAILABILITY = YES_AGGRESSIVE;
				CLANG_WARN_UNREACHABLE_CODE = YES;
				CLANG_WARN__DUPLICATE_METHOD_MATCH = YES;
				CODE_SIGN_IDENTITY = "iPhone Developer";
				COPY_PHASE_STRIP = NO;
				DEBUG_INFORMATION_FORMAT = "dwarf-with-dsym";
				ENABLE_NS_ASSERTIONS = NO;
				ENABLE_STRICT_OBJC_MSGSEND = YES;
				GCC_C_LANGUAGE_STANDARD = gnu11;
				GCC_NO_COMMON_BLOCKS = YES;
				GCC_WARN_64_TO_32_BIT_CONVERSION = YES;
				GCC_WARN_ABOUT_RETURN_TYPE = YES_ERROR;
				GCC_WARN_UNDECLARED_SELECTOR = YES;
				GCC_WARN_UNINITIALIZED_AUTOS = YES_AGGRESSIVE;
				GCC_WARN_UNUSED_FUNCTION = YES;
				GCC_WARN_UNUSED_VARIABLE = YES;
				IPHONEOS_DEPLOYMENT_TARGET = 11.1;
				MTL_ENABLE_DEBUG_INFO = NO;
				SDKROOT = iphoneos;
				VALIDATE_PRODUCT = YES;
			};
			name = Release;
		};
		2C34A8351FC563E800AC6B50 /* Debug */ = {
			isa = XCBuildConfiguration;
			buildSettings = {
				ASSETCATALOG_COMPILER_APPICON_NAME = AppIcon;
				CODE_SIGN_STYLE = Automatic;
				DEVELOPMENT_TEAM = TV2WRE6V8Z;
				INFOPLIST_FILE = Demo/SupportingFiles/Info.plist;
				LD_RUNPATH_SEARCH_PATHS = "$(inherited) @executable_path/Frameworks";
				PRODUCT_BUNDLE_IDENTIFIER = com.elenion.ELAutoSelectorHelper;
				PRODUCT_NAME = "$(TARGET_NAME)";
				TARGETED_DEVICE_FAMILY = "1,2";
			};
			name = Debug;
		};
		2C34A8361FC563E800AC6B50 /* Release */ = {
			isa = XCBuildConfiguration;
			buildSettings = {
				ASSETCATALOG_COMPILER_APPICON_NAME = AppIcon;
				CODE_SIGN_STYLE = Automatic;
				DEVELOPMENT_TEAM = TV2WRE6V8Z;
				INFOPLIST_FILE = Demo/SupportingFiles/Info.plist;
				LD_RUNPATH_SEARCH_PATHS = "$(inherited) @executable_path/Frameworks";
				PRODUCT_BUNDLE_IDENTIFIER = com.elenion.ELAutoSelectorHelper;
				PRODUCT_NAME = "$(TARGET_NAME)";
				TARGETED_DEVICE_FAMILY = "1,2";
			};
			name = Release;
		};
		2C34A8381FC563E800AC6B50 /* Debug */ = {
			isa = XCBuildConfiguration;
			buildSettings = {
				BUNDLE_LOADER = "$(TEST_HOST)";
				CODE_SIGN_STYLE = Automatic;
				DEVELOPMENT_TEAM = TV2WRE6V8Z;
				INFOPLIST_FILE = ELAutoSelectorHelperTests/Info.plist;
				LD_RUNPATH_SEARCH_PATHS = "$(inherited) @executable_path/Frameworks @loader_path/Frameworks";
				PRODUCT_BUNDLE_IDENTIFIER = com.elenion.ELAutoSelectorHelperTests;
				PRODUCT_NAME = "$(TARGET_NAME)";
				TARGETED_DEVICE_FAMILY = "1,2";
				TEST_HOST = "$(BUILT_PRODUCTS_DIR)/ELAutoSelectorHelper.app/ELAutoSelectorHelper";
			};
			name = Debug;
		};
		2C34A8391FC563E800AC6B50 /* Release */ = {
			isa = XCBuildConfiguration;
			buildSettings = {
				BUNDLE_LOADER = "$(TEST_HOST)";
				CODE_SIGN_STYLE = Automatic;
				DEVELOPMENT_TEAM = TV2WRE6V8Z;
				INFOPLIST_FILE = ELAutoSelectorHelperTests/Info.plist;
				LD_RUNPATH_SEARCH_PATHS = "$(inherited) @executable_path/Frameworks @loader_path/Frameworks";
				PRODUCT_BUNDLE_IDENTIFIER = com.elenion.ELAutoSelectorHelperTests;
				PRODUCT_NAME = "$(TARGET_NAME)";
				TARGETED_DEVICE_FAMILY = "1,2";
				TEST_HOST = "$(BUILT_PRODUCTS_DIR)/ELAutoSelectorHelper.app/ELAutoSelectorHelper";
			};
			name = Release;
		};
		2C34A83B1FC563E800AC6B50 /* Debug */ = {
			isa = XCBuildConfiguration;
			buildSettings = {
				CODE_SIGN_STYLE = Automatic;
				DEVELOPMENT_TEAM = TV2WRE6V8Z;
				INFOPLIST_FILE = ELAutoSelectorHelperUITests/Info.plist;
				LD_RUNPATH_SEARCH_PATHS = "$(inherited) @executable_path/Frameworks @loader_path/Frameworks";
				PRODUCT_BUNDLE_IDENTIFIER = com.elenion.ELAutoSelectorHelperUITests;
				PRODUCT_NAME = "$(TARGET_NAME)";
				TARGETED_DEVICE_FAMILY = "1,2";
				TEST_TARGET_NAME = ELAutoSelectorHelper;
			};
			name = Debug;
		};
		2C34A83C1FC563E800AC6B50 /* Release */ = {
			isa = XCBuildConfiguration;
			buildSettings = {
				CODE_SIGN_STYLE = Automatic;
				DEVELOPMENT_TEAM = TV2WRE6V8Z;
				INFOPLIST_FILE = ELAutoSelectorHelperUITests/Info.plist;
				LD_RUNPATH_SEARCH_PATHS = "$(inherited) @executable_path/Frameworks @loader_path/Frameworks";
				PRODUCT_BUNDLE_IDENTIFIER = com.elenion.ELAutoSelectorHelperUITests;
				PRODUCT_NAME = "$(TARGET_NAME)";
				TARGETED_DEVICE_FAMILY = "1,2";
				TEST_TARGET_NAME = ELAutoSelectorHelper;
			};
			name = Release;
		};
/* End XCBuildConfiguration section */

/* Begin XCConfigurationList section */
		2C34A8031FC563E700AC6B50 /* Build configuration list for PBXProject "ELAutoSelectorHelper" */ = {
			isa = XCConfigurationList;
			buildConfigurations = (
				2C34A8321FC563E800AC6B50 /* Debug */,
				2C34A8331FC563E800AC6B50 /* Release */,
			);
			defaultConfigurationIsVisible = 0;
			defaultConfigurationName = Release;
		};
		2C34A8341FC563E800AC6B50 /* Build configuration list for PBXNativeTarget "ELAutoSelectorHelper" */ = {
			isa = XCConfigurationList;
			buildConfigurations = (
				2C34A8351FC563E800AC6B50 /* Debug */,
				2C34A8361FC563E800AC6B50 /* Release */,
			);
			defaultConfigurationIsVisible = 0;
			defaultConfigurationName = Release;
		};
		2C34A8371FC563E800AC6B50 /* Build configuration list for PBXNativeTarget "ELAutoSelectorHelperTests" */ = {
			isa = XCConfigurationList;
			buildConfigurations = (
				2C34A8381FC563E800AC6B50 /* Debug */,
				2C34A8391FC563E800AC6B50 /* Release */,
			);
			defaultConfigurationIsVisible = 0;
			defaultConfigurationName = Release;
		};
		2C34A83A1FC563E800AC6B50 /* Build configuration list for PBXNativeTarget "ELAutoSelectorHelperUITests" */ = {
			isa = XCConfigurationList;
			buildConfigurations = (
				2C34A83B1FC563E800AC6B50 /* Debug */,
				2C34A83C1FC563E800AC6B50 /* Release */,
			);
			defaultConfigurationIsVisible = 0;
			defaultConfigurationName = Release;
		};
/* End XCConfigurationList section */
	};
	rootObject = 2C34A8001FC563E700AC6B50 /* Project object */;
}
